// !$*UTF8*$!
{
	archiveVersion = 1;
	classes = {
	};
	objectVersion = 46;
	objects = {

/* Begin PBXBuildFile section */
		E9698D721DB5395200504483 /* StockViewController.m in Sources */ = {isa = PBXBuildFile; fileRef = E9698D711DB5395200504483 /* StockViewController.m */; };
		E9698D751DB5397B00504483 /* StockTableViewController.m in Sources */ = {isa = PBXBuildFile; fileRef = E9698D741DB5397B00504483 /* StockTableViewController.m */; };
		E9698D781DB5398900504483 /* Stock.m in Sources */ = {isa = PBXBuildFile; fileRef = E9698D771DB5398900504483 /* Stock.m */; };
		E973B2E51DB68DBA00EAD64F /* AddStockViewController.m in Sources */ = {isa = PBXBuildFile; fileRef = E973B2E41DB68DBA00EAD64F /* AddStockViewController.m */; };
		E973B2E81DB68FA600EAD64F /* Advent Pro regular.ttf in Resources */ = {isa = PBXBuildFile; fileRef = E973B2E61DB68E4800EAD64F /* Advent Pro regular.ttf */; };
		E973B2E91DB68FA600EAD64F /* Alef regular.ttf in Resources */ = {isa = PBXBuildFile; fileRef = E973B2E71DB68E4800EAD64F /* Alef regular.ttf */; };
		E9AC0A591DB5360F0064C835 /* main.m in Sources */ = {isa = PBXBuildFile; fileRef = E9AC0A581DB5360F0064C835 /* main.m */; };
		E9AC0A5C1DB5360F0064C835 /* AppDelegate.m in Sources */ = {isa = PBXBuildFile; fileRef = E9AC0A5B1DB5360F0064C835 /* AppDelegate.m */; };
		E9AC0A5F1DB5360F0064C835 /* ViewController.m in Sources */ = {isa = PBXBuildFile; fileRef = E9AC0A5E1DB5360F0064C835 /* ViewController.m */; };
		E9AC0A621DB5360F0064C835 /* Main.storyboard in Resources */ = {isa = PBXBuildFile; fileRef = E9AC0A601DB5360F0064C835 /* Main.storyboard */; };
		E9AC0A641DB5360F0064C835 /* Assets.xcassets in Resources */ = {isa = PBXBuildFile; fileRef = E9AC0A631DB5360F0064C835 /* Assets.xcassets */; };
		E9AC0A671DB5360F0064C835 /* LaunchScreen.storyboard in Resources */ = {isa = PBXBuildFile; fileRef = E9AC0A651DB5360F0064C835 /* LaunchScreen.storyboard */; };
		E9AC0A721DB5360F0064C835 /* StocksAppTests.m in Sources */ = {isa = PBXBuildFile; fileRef = E9AC0A711DB5360F0064C835 /* StocksAppTests.m */; };
		E9AC0A7D1DB5360F0064C835 /* StocksAppUITests.m in Sources */ = {isa = PBXBuildFile; fileRef = E9AC0A7C1DB5360F0064C835 /* StocksAppUITests.m */; };
/* End PBXBuildFile section */

/* Begin PBXContainerItemProxy section */
		E9AC0A6E1DB5360F0064C835 /* PBXContainerItemProxy */ = {
			isa = PBXContainerItemProxy;
			containerPortal = E9AC0A4C1DB5360F0064C835 /* Project object */;
			proxyType = 1;
			remoteGlobalIDString = E9AC0A531DB5360F0064C835;
			remoteInfo = StocksApp;
		};
		E9AC0A791DB5360F0064C835 /* PBXContainerItemProxy */ = {
			isa = PBXContainerItemProxy;
			containerPortal = E9AC0A4C1DB5360F0064C835 /* Project object */;
			proxyType = 1;
			remoteGlobalIDString = E9AC0A531DB5360F0064C835;
			remoteInfo = StocksApp;
		};
/* End PBXContainerItemProxy section */

/* Begin PBXFileReference section */
		E9698D701DB5395200504483 /* StockViewController.h */ = {isa = PBXFileReference; fileEncoding = 4; lastKnownFileType = sourcecode.c.h; path = StockViewController.h; sourceTree = "<group>"; };
		E9698D711DB5395200504483 /* StockViewController.m */ = {isa = PBXFileReference; fileEncoding = 4; lastKnownFileType = sourcecode.c.objc; path = StockViewController.m; sourceTree = "<group>"; };
		E9698D731DB5397B00504483 /* StockTableViewController.h */ = {isa = PBXFileReference; fileEncoding = 4; lastKnownFileType = sourcecode.c.h; path = StockTableViewController.h; sourceTree = "<group>"; };
		E9698D741DB5397B00504483 /* StockTableViewController.m */ = {isa = PBXFileReference; fileEncoding = 4; lastKnownFileType = sourcecode.c.objc; path = StockTableViewController.m; sourceTree = "<group>"; };
		E9698D761DB5398900504483 /* Stock.h */ = {isa = PBXFileReference; fileEncoding = 4; lastKnownFileType = sourcecode.c.h; path = Stock.h; sourceTree = "<group>"; };
		E9698D771DB5398900504483 /* Stock.m */ = {isa = PBXFileReference; fileEncoding = 4; lastKnownFileType = sourcecode.c.objc; path = Stock.m; sourceTree = "<group>"; };
		E973B2E31DB68DBA00EAD64F /* AddStockViewController.h */ = {isa = PBXFileReference; fileEncoding = 4; lastKnownFileType = sourcecode.c.h; path = AddStockViewController.h; sourceTree = "<group>"; };
		E973B2E41DB68DBA00EAD64F /* AddStockViewController.m */ = {isa = PBXFileReference; fileEncoding = 4; lastKnownFileType = sourcecode.c.objc; path = AddStockViewController.m; sourceTree = "<group>"; };
		E973B2E61DB68E4800EAD64F /* Advent Pro regular.ttf */ = {isa = PBXFileReference; lastKnownFileType = file; path = "Advent Pro regular.ttf"; sourceTree = "<group>"; };
		E973B2E71DB68E4800EAD64F /* Alef regular.ttf */ = {isa = PBXFileReference; lastKnownFileType = file; path = "Alef regular.ttf"; sourceTree = "<group>"; };
		E9AC0A541DB5360F0064C835 /* StocksApp.app */ = {isa = PBXFileReference; explicitFileType = wrapper.application; includeInIndex = 0; path = StocksApp.app; sourceTree = BUILT_PRODUCTS_DIR; };
		E9AC0A581DB5360F0064C835 /* main.m */ = {isa = PBXFileReference; lastKnownFileType = sourcecode.c.objc; path = main.m; sourceTree = "<group>"; };
		E9AC0A5A1DB5360F0064C835 /* AppDelegate.h */ = {isa = PBXFileReference; lastKnownFileType = sourcecode.c.h; path = AppDelegate.h; sourceTree = "<group>"; };
		E9AC0A5B1DB5360F0064C835 /* AppDelegate.m */ = {isa = PBXFileReference; lastKnownFileType = sourcecode.c.objc; path = AppDelegate.m; sourceTree = "<group>"; };
		E9AC0A5D1DB5360F0064C835 /* ViewController.h */ = {isa = PBXFileReference; lastKnownFileType = sourcecode.c.h; path = ViewController.h; sourceTree = "<group>"; };
		E9AC0A5E1DB5360F0064C835 /* ViewController.m */ = {isa = PBXFileReference; lastKnownFileType = sourcecode.c.objc; path = ViewController.m; sourceTree = "<group>"; };
		E9AC0A611DB5360F0064C835 /* Base */ = {isa = PBXFileReference; lastKnownFileType = file.storyboard; name = Base; path = Base.lproj/Main.storyboard; sourceTree = "<group>"; };
		E9AC0A631DB5360F0064C835 /* Assets.xcassets */ = {isa = PBXFileReference; lastKnownFileType = folder.assetcatalog; path = Assets.xcassets; sourceTree = "<group>"; };
		E9AC0A661DB5360F0064C835 /* Base */ = {isa = PBXFileReference; lastKnownFileType = file.storyboard; name = Base; path = Base.lproj/LaunchScreen.storyboard; sourceTree = "<group>"; };
		E9AC0A681DB5360F0064C835 /* Info.plist */ = {isa = PBXFileReference; lastKnownFileType = text.plist.xml; path = Info.plist; sourceTree = "<group>"; };
		E9AC0A6D1DB5360F0064C835 /* StocksAppTests.xctest */ = {isa = PBXFileReference; explicitFileType = wrapper.cfbundle; includeInIndex = 0; path = StocksAppTests.xctest; sourceTree = BUILT_PRODUCTS_DIR; };
		E9AC0A711DB5360F0064C835 /* StocksAppTests.m */ = {isa = PBXFileReference; lastKnownFileType = sourcecode.c.objc; path = StocksAppTests.m; sourceTree = "<group>"; };
		E9AC0A731DB5360F0064C835 /* Info.plist */ = {isa = PBXFileReference; lastKnownFileType = text.plist.xml; path = Info.plist; sourceTree = "<group>"; };
		E9AC0A781DB5360F0064C835 /* StocksAppUITests.xctest */ = {isa = PBXFileReference; explicitFileType = wrapper.cfbundle; includeInIndex = 0; path = StocksAppUITests.xctest; sourceTree = BUILT_PRODUCTS_DIR; };
		E9AC0A7C1DB5360F0064C835 /* StocksAppUITests.m */ = {isa = PBXFileReference; lastKnownFileType = sourcecode.c.objc; path = StocksAppUITests.m; sourceTree = "<group>"; };
		E9AC0A7E1DB5360F0064C835 /* Info.plist */ = {isa = PBXFileReference; lastKnownFileType = text.plist.xml; path = Info.plist; sourceTree = "<group>"; };
/* End PBXFileReference section */

/* Begin PBXFrameworksBuildPhase section */
		E9AC0A511DB5360F0064C835 /* Frameworks */ = {
			isa = PBXFrameworksBuildPhase;
			buildActionMask = 2147483647;
			files = (
			);
			runOnlyForDeploymentPostprocessing = 0;
		};
		E9AC0A6A1DB5360F0064C835 /* Frameworks */ = {
			isa = PBXFrameworksBuildPhase;
			buildActionMask = 2147483647;
			files = (
			);
			runOnlyForDeploymentPostprocessing = 0;
		};
		E9AC0A751DB5360F0064C835 /* Frameworks */ = {
			isa = PBXFrameworksBuildPhase;
			buildActionMask = 2147483647;
			files = (
			);
			runOnlyForDeploymentPostprocessing = 0;
		};
/* End PBXFrameworksBuildPhase section */

/* Begin PBXGroup section */
		E9AC0A4B1DB5360F0064C835 = {
			isa = PBXGroup;
			children = (
				E9AC0A601DB5360F0064C835 /* Main.storyboard */,
				E973B2E31DB68DBA00EAD64F /* AddStockViewController.h */,
				E973B2E41DB68DBA00EAD64F /* AddStockViewController.m */,
				E9AC0A561DB5360F0064C835 /* StocksApp */,
				E9AC0A701DB5360F0064C835 /* StocksAppTests */,
				E9AC0A7B1DB5360F0064C835 /* StocksAppUITests */,
				E9AC0A551DB5360F0064C835 /* Products */,
				E973B2E61DB68E4800EAD64F /* Advent Pro regular.ttf */,
				E973B2E71DB68E4800EAD64F /* Alef regular.ttf */,
			);
			sourceTree = "<group>";
		};
		E9AC0A551DB5360F0064C835 /* Products */ = {
			isa = PBXGroup;
			children = (
				E9AC0A541DB5360F0064C835 /* StocksApp.app */,
				E9AC0A6D1DB5360F0064C835 /* StocksAppTests.xctest */,
				E9AC0A781DB5360F0064C835 /* StocksAppUITests.xctest */,
			);
			name = Products;
			sourceTree = "<group>";
		};
		E9AC0A561DB5360F0064C835 /* StocksApp */ = {
			isa = PBXGroup;
			children = (
				E9AC0A5D1DB5360F0064C835 /* ViewController.h */,
				E9AC0A5E1DB5360F0064C835 /* ViewController.m */,
				E9698D701DB5395200504483 /* StockViewController.h */,
				E9698D711DB5395200504483 /* StockViewController.m */,
				E9698D731DB5397B00504483 /* StockTableViewController.h */,
				E9698D741DB5397B00504483 /* StockTableViewController.m */,
				E9698D761DB5398900504483 /* Stock.h */,
				E9698D771DB5398900504483 /* Stock.m */,
				E9AC0A631DB5360F0064C835 /* Assets.xcassets */,
				E9AC0A5A1DB5360F0064C835 /* AppDelegate.h */,
				E9AC0A5B1DB5360F0064C835 /* AppDelegate.m */,
				E9AC0A651DB5360F0064C835 /* LaunchScreen.storyboard */,
				E9AC0A681DB5360F0064C835 /* Info.plist */,
				E9AC0A571DB5360F0064C835 /* Supporting Files */,
			);
			path = StocksApp;
			sourceTree = "<group>";
		};
		E9AC0A571DB5360F0064C835 /* Supporting Files */ = {
			isa = PBXGroup;
			children = (
				E9AC0A581DB5360F0064C835 /* main.m */,
			);
			name = "Supporting Files";
			sourceTree = "<group>";
		};
		E9AC0A701DB5360F0064C835 /* StocksAppTests */ = {
			isa = PBXGroup;
			children = (
				E9AC0A711DB5360F0064C835 /* StocksAppTests.m */,
				E9AC0A731DB5360F0064C835 /* Info.plist */,
			);
			path = StocksAppTests;
			sourceTree = "<group>";
		};
		E9AC0A7B1DB5360F0064C835 /* StocksAppUITests */ = {
			isa = PBXGroup;
			children = (
				E9AC0A7C1DB5360F0064C835 /* StocksAppUITests.m */,
				E9AC0A7E1DB5360F0064C835 /* Info.plist */,
			);
			path = StocksAppUITests;
			sourceTree = "<group>";
		};
/* End PBXGroup section */

/* Begin PBXNativeTarget section */
		E9AC0A531DB5360F0064C835 /* StocksApp */ = {
			isa = PBXNativeTarget;
			buildConfigurationList = E9AC0A811DB5360F0064C835 /* Build configuration list for PBXNativeTarget "StocksApp" */;
			buildPhases = (
				E9AC0A501DB5360F0064C835 /* Sources */,
				E9AC0A511DB5360F0064C835 /* Frameworks */,
				E9AC0A521DB5360F0064C835 /* Resources */,
			);
			buildRules = (
			);
			dependencies = (
			);
			name = StocksApp;
			productName = StocksApp;
			productReference = E9AC0A541DB5360F0064C835 /* StocksApp.app */;
			productType = "com.apple.product-type.application";
		};
		E9AC0A6C1DB5360F0064C835 /* StocksAppTests */ = {
			isa = PBXNativeTarget;
			buildConfigurationList = E9AC0A841DB5360F0064C835 /* Build configuration list for PBXNativeTarget "StocksAppTests" */;
			buildPhases = (
				E9AC0A691DB5360F0064C835 /* Sources */,
				E9AC0A6A1DB5360F0064C835 /* Frameworks */,
				E9AC0A6B1DB5360F0064C835 /* Resources */,
			);
			buildRules = (
			);
			dependencies = (
				E9AC0A6F1DB5360F0064C835 /* PBXTargetDependency */,
			);
			name = StocksAppTests;
			productName = StocksAppTests;
			productReference = E9AC0A6D1DB5360F0064C835 /* StocksAppTests.xctest */;
			productType = "com.apple.product-type.bundle.unit-test";
		};
		E9AC0A771DB5360F0064C835 /* StocksAppUITests */ = {
			isa = PBXNativeTarget;
			buildConfigurationList = E9AC0A871DB5360F0064C835 /* Build configuration list for PBXNativeTarget "StocksAppUITests" */;
			buildPhases = (
				E9AC0A741DB5360F0064C835 /* Sources */,
				E9AC0A751DB5360F0064C835 /* Frameworks */,
				E9AC0A761DB5360F0064C835 /* Resources */,
			);
			buildRules = (
			);
			dependencies = (
				E9AC0A7A1DB5360F0064C835 /* PBXTargetDependency */,
			);
			name = StocksAppUITests;
			productName = StocksAppUITests;
			productReference = E9AC0A781DB5360F0064C835 /* StocksAppUITests.xctest */;
			productType = "com.apple.product-type.bundle.ui-testing";
		};
/* End PBXNativeTarget section */

/* Begin PBXProject section */
		E9AC0A4C1DB5360F0064C835 /* Project object */ = {
			isa = PBXProject;
			attributes = {
				LastUpgradeCheck = 0800;
				ORGANIZATIONNAME = colbyg;
				TargetAttributes = {
					E9AC0A531DB5360F0064C835 = {
						CreatedOnToolsVersion = 8.0;
						ProvisioningStyle = Automatic;
					};
					E9AC0A6C1DB5360F0064C835 = {
						CreatedOnToolsVersion = 8.0;
						ProvisioningStyle = Automatic;
						TestTargetID = E9AC0A531DB5360F0064C835;
					};
					E9AC0A771DB5360F0064C835 = {
						CreatedOnToolsVersion = 8.0;
						ProvisioningStyle = Automatic;
						TestTargetID = E9AC0A531DB5360F0064C835;
					};
				};
			};
			buildConfigurationList = E9AC0A4F1DB5360F0064C835 /* Build configuration list for PBXProject "StocksApp" */;
			compatibilityVersion = "Xcode 3.2";
			developmentRegion = English;
			hasScannedForEncodings = 0;
			knownRegions = (
				en,
				Base,
			);
			mainGroup = E9AC0A4B1DB5360F0064C835;
			productRefGroup = E9AC0A551DB5360F0064C835 /* Products */;
			projectDirPath = "";
			projectRoot = "";
			targets = (
				E9AC0A531DB5360F0064C835 /* StocksApp */,
				E9AC0A6C1DB5360F0064C835 /* StocksAppTests */,
				E9AC0A771DB5360F0064C835 /* StocksAppUITests */,
			);
		};
/* End PBXProject section */

/* Begin PBXResourcesBuildPhase section */
		E9AC0A521DB5360F0064C835 /* Resources */ = {
			isa = PBXResourcesBuildPhase;
			buildActionMask = 2147483647;
			files = (
				E9AC0A671DB5360F0064C835 /* LaunchScreen.storyboard in Resources */,
				E9AC0A641DB5360F0064C835 /* Assets.xcassets in Resources */,
				E9AC0A621DB5360F0064C835 /* Main.storyboard in Resources */,
				E973B2E91DB68FA600EAD64F /* Alef regular.ttf in Resources */,
				E973B2E81DB68FA600EAD64F /* Advent Pro regular.ttf in Resources */,
			);
			runOnlyForDeploymentPostprocessing = 0;
		};
		E9AC0A6B1DB5360F0064C835 /* Resources */ = {
			isa = PBXResourcesBuildPhase;
			buildActionMask = 2147483647;
			files = (
			);
			runOnlyForDeploymentPostprocessing = 0;
		};
		E9AC0A761DB5360F0064C835 /* Resources */ = {
			isa = PBXResourcesBuildPhase;
			buildActionMask = 2147483647;
			files = (
			);
			runOnlyForDeploymentPostprocessing = 0;
		};
/* End PBXResourcesBuildPhase section */

/* Begin PBXSourcesBuildPhase section */
		E9AC0A501DB5360F0064C835 /* Sources */ = {
			isa = PBXSourcesBuildPhase;
			buildActionMask = 2147483647;
			files = (
				E9698D781DB5398900504483 /* Stock.m in Sources */,
				E9AC0A5F1DB5360F0064C835 /* ViewController.m in Sources */,
				E973B2E51DB68DBA00EAD64F /* AddStockViewController.m in Sources */,
				E9698D751DB5397B00504483 /* StockTableViewController.m in Sources */,
				E9AC0A5C1DB5360F0064C835 /* AppDelegate.m in Sources */,
				E9AC0A591DB5360F0064C835 /* main.m in Sources */,
				E9698D721DB5395200504483 /* StockViewController.m in Sources */,
			);
			runOnlyForDeploymentPostprocessing = 0;
		};
		E9AC0A691DB5360F0064C835 /* Sources */ = {
			isa = PBXSourcesBuildPhase;
			buildActionMask = 2147483647;
			files = (
				E9AC0A721DB5360F0064C835 /* StocksAppTests.m in Sources */,
			);
			runOnlyForDeploymentPostprocessing = 0;
		};
		E9AC0A741DB5360F0064C835 /* Sources */ = {
			isa = PBXSourcesBuildPhase;
			buildActionMask = 2147483647;
			files = (
				E9AC0A7D1DB5360F0064C835 /* StocksAppUITests.m in Sources */,
			);
			runOnlyForDeploymentPostprocessing = 0;
		};
/* End PBXSourcesBuildPhase section */

/* Begin PBXTargetDependency section */
		E9AC0A6F1DB5360F0064C835 /* PBXTargetDependency */ = {
			isa = PBXTargetDependency;
			target = E9AC0A531DB5360F0064C835 /* StocksApp */;
			targetProxy = E9AC0A6E1DB5360F0064C835 /* PBXContainerItemProxy */;
		};
		E9AC0A7A1DB5360F0064C835 /* PBXTargetDependency */ = {
			isa = PBXTargetDependency;
			target = E9AC0A531DB5360F0064C835 /* StocksApp */;
			targetProxy = E9AC0A791DB5360F0064C835 /* PBXContainerItemProxy */;
		};
/* End PBXTargetDependency section */

/* Begin PBXVariantGroup section */
		E9AC0A601DB5360F0064C835 /* Main.storyboard */ = {
			isa = PBXVariantGroup;
			children = (
				E9AC0A611DB5360F0064C835 /* Base */,
			);
			name = Main.storyboard;
			path = StocksApp;
			sourceTree = "<group>";
		};
		E9AC0A651DB5360F0064C835 /* LaunchScreen.storyboard */ = {
			isa = PBXVariantGroup;
			children = (
				E9AC0A661DB5360F0064C835 /* Base */,
			);
			name = LaunchScreen.storyboard;
			sourceTree = "<group>";
		};
/* End PBXVariantGroup section */

/* Begin XCBuildConfiguration section */
		E9AC0A7F1DB5360F0064C835 /* Debug */ = {
			isa = XCBuildConfiguration;
			buildSettings = {
				ALWAYS_SEARCH_USER_PATHS = NO;
				CLANG_ANALYZER_NONNULL = YES;
				CLANG_CXX_LANGUAGE_STANDARD = "gnu++0x";
				CLANG_CXX_LIBRARY = "libc++";
				CLANG_ENABLE_MODULES = YES;
				CLANG_ENABLE_OBJC_ARC = YES;
				CLANG_WARN_BOOL_CONVERSION = YES;
				CLANG_WARN_CONSTANT_CONVERSION = YES;
				CLANG_WARN_DIRECT_OBJC_ISA_USAGE = YES_ERROR;
				CLANG_WARN_DOCUMENTATION_COMMENTS = YES;
				CLANG_WARN_EMPTY_BODY = YES;
				CLANG_WARN_ENUM_CONVERSION = YES;
				CLANG_WARN_INFINITE_RECURSION = YES;
				CLANG_WARN_INT_CONVERSION = YES;
				CLANG_WARN_OBJC_ROOT_CLASS = YES_ERROR;
				CLANG_WARN_SUSPICIOUS_MOVES = YES;
				CLANG_WARN_UNREACHABLE_CODE = YES;
				CLANG_WARN__DUPLICATE_METHOD_MATCH = YES;
				"CODE_SIGN_IDENTITY[sdk=iphoneos*]" = "iPhone Developer";
				COPY_PHASE_STRIP = NO;
				DEBUG_INFORMATION_FORMAT = dwarf;
				ENABLE_STRICT_OBJC_MSGSEND = YES;
				ENABLE_TESTABILITY = YES;
				GCC_C_LANGUAGE_STANDARD = gnu99;
				GCC_DYNAMIC_NO_PIC = NO;
				GCC_NO_COMMON_BLOCKS = YES;
				GCC_OPTIMIZATION_LEVEL = 0;
				GCC_PREPROCESSOR_DEFINITIONS = (
					"DEBUG=1",
					"$(inherited)",
				);
				GCC_WARN_64_TO_32_BIT_CONVERSION = YES;
				GCC_WARN_ABOUT_RETURN_TYPE = YES_ERROR;
				GCC_WARN_UNDECLARED_SELECTOR = YES;
				GCC_WARN_UNINITIALIZED_AUTOS = YES_AGGRESSIVE;
				GCC_WARN_UNUSED_FUNCTION = YES;
				GCC_WARN_UNUSED_VARIABLE = YES;
				IPHONEOS_DEPLOYMENT_TARGET = 10.0;
				MTL_ENABLE_DEBUG_INFO = YES;
				ONLY_ACTIVE_ARCH = YES;
				SDKROOT = iphoneos;
				TARGETED_DEVICE_FAMILY = "1,2";
			};
			name = Debug;
		};
		E9AC0A801DB5360F0064C835 /* Release */ = {
			isa = XCBuildConfiguration;
			buildSettings = {
				ALWAYS_SEARCH_USER_PATHS = NO;
				CLANG_ANALYZER_NONNULL = YES;
				CLANG_CXX_LANGUAGE_STANDARD = "gnu++0x";
				CLANG_CXX_LIBRARY = "libc++";
				CLANG_ENABLE_MODULES = YES;
				CLANG_ENABLE_OBJC_ARC = YES;
				CLANG_WARN_BOOL_CONVERSION = YES;
				CLANG_WARN_CONSTANT_CONVERSION = YES;
				CLANG_WARN_DIRECT_OBJC_ISA_USAGE = YES_ERROR;
				CLANG_WARN_DOCUMENTATION_COMMENTS = YES;
				CLANG_WARN_EMPTY_BODY = YES;
				CLANG_WARN_ENUM_CONVERSION = YES;
				CLANG_WARN_INFINITE_RECURSION = YES;
				CLANG_WARN_INT_CONVERSION = YES;
				CLANG_WARN_OBJC_ROOT_CLASS = YES_ERROR;
				CLANG_WARN_SUSPICIOUS_MOVES = YES;
				CLANG_WARN_UNREACHABLE_CODE = YES;
				CLANG_WARN__DUPLICATE_METHOD_MATCH = YES;
				"CODE_SIGN_IDENTITY[sdk=iphoneos*]" = "iPhone Developer";
				COPY_PHASE_STRIP = NO;
				DEBUG_INFORMATION_FORMAT = "dwarf-with-dsym";
				ENABLE_NS_ASSERTIONS = NO;
				ENABLE_STRICT_OBJC_MSGSEND = YES;
				GCC_C_LANGUAGE_STANDARD = gnu99;
				GCC_NO_COMMON_BLOCKS = YES;
				GCC_WARN_64_TO_32_BIT_CONVERSION = YES;
				GCC_WARN_ABOUT_RETURN_TYPE = YES_ERROR;
				GCC_WARN_UNDECLARED_SELECTOR = YES;
				GCC_WARN_UNINITIALIZED_AUTOS = YES_AGGRESSIVE;
				GCC_WARN_UNUSED_FUNCTION = YES;
				GCC_WARN_UNUSED_VARIABLE = YES;
				IPHONEOS_DEPLOYMENT_TARGET = 10.0;
				MTL_ENABLE_DEBUG_INFO = NO;
				SDKROOT = iphoneos;
				TARGETED_DEVICE_FAMILY = "1,2";
				VALIDATE_PRODUCT = YES;
			};
			name = Release;
		};
		E9AC0A821DB5360F0064C835 /* Debug */ = {
			isa = XCBuildConfiguration;
			buildSettings = {
				ASSETCATALOG_COMPILER_APPICON_NAME = AppIcon;
				INFOPLIST_FILE = StocksApp/Info.plist;
				LD_RUNPATH_SEARCH_PATHS = "$(inherited) @executable_path/Frameworks";
				PRODUCT_BUNDLE_IDENTIFIER = com.colbyg.StocksApp;
				PRODUCT_NAME = "$(TARGET_NAME)";
			};
			name = Debug;
		};
		E9AC0A831DB5360F0064C835 /* Release */ = {
			isa = XCBuildConfiguration;
			buildSettings = {
				ASSETCATALOG_COMPILER_APPICON_NAME = AppIcon;
				INFOPLIST_FILE = StocksApp/Info.plist;
				LD_RUNPATH_SEARCH_PATHS = "$(inherited) @executable_path/Frameworks";
				PRODUCT_BUNDLE_IDENTIFIER = com.colbyg.StocksApp;
				PRODUCT_NAME = "$(TARGET_NAME)";
			};
			name = Release;
		};
		E9AC0A851DB5360F0064C835 /* Debug */ = {
			isa = XCBuildConfiguration;
			buildSettings = {
				BUNDLE_LOADER = "$(TEST_HOST)";
				INFOPLIST_FILE = StocksAppTests/Info.plist;
				LD_RUNPATH_SEARCH_PATHS = "$(inherited) @executable_path/Frameworks @loader_path/Frameworks";
				PRODUCT_BUNDLE_IDENTIFIER = com.colbyg.StocksAppTests;
				PRODUCT_NAME = "$(TARGET_NAME)";
				TEST_HOST = "$(BUILT_PRODUCTS_DIR)/StocksApp.app/StocksApp";
			};
			name = Debug;
		};
		E9AC0A861DB5360F0064C835 /* Release */ = {
			isa = XCBuildConfiguration;
			buildSettings = {
				BUNDLE_LOADER = "$(TEST_HOST)";
				INFOPLIST_FILE = StocksAppTests/Info.plist;
				LD_RUNPATH_SEARCH_PATHS = "$(inherited) @executable_path/Frameworks @loader_path/Frameworks";
				PRODUCT_BUNDLE_IDENTIFIER = com.colbyg.StocksAppTests;
				PRODUCT_NAME = "$(TARGET_NAME)";
				TEST_HOST = "$(BUILT_PRODUCTS_DIR)/StocksApp.app/StocksApp";
			};
			name = Release;
		};
		E9AC0A881DB5360F0064C835 /* Debug */ = {
			isa = XCBuildConfiguration;
			buildSettings = {
				INFOPLIST_FILE = StocksAppUITests/Info.plist;
				LD_RUNPATH_SEARCH_PATHS = "$(inherited) @executable_path/Frameworks @loader_path/Frameworks";
				PRODUCT_BUNDLE_IDENTIFIER = com.colbyg.StocksAppUITests;
				PRODUCT_NAME = "$(TARGET_NAME)";
				TEST_TARGET_NAME = StocksApp;
			};
			name = Debug;
		};
		E9AC0A891DB5360F0064C835 /* Release */ = {
			isa = XCBuildConfiguration;
			buildSettings = {
				INFOPLIST_FILE = StocksAppUITests/Info.plist;
				LD_RUNPATH_SEARCH_PATHS = "$(inherited) @executable_path/Frameworks @loader_path/Frameworks";
				PRODUCT_BUNDLE_IDENTIFIER = com.colbyg.StocksAppUITests;
				PRODUCT_NAME = "$(TARGET_NAME)";
				TEST_TARGET_NAME = StocksApp;
			};
			name = Release;
		};
/* End XCBuildConfiguration section */

/* Begin XCConfigurationList section */
		E9AC0A4F1DB5360F0064C835 /* Build configuration list for PBXProject "StocksApp" */ = {
			isa = XCConfigurationList;
			buildConfigurations = (
				E9AC0A7F1DB5360F0064C835 /* Debug */,
				E9AC0A801DB5360F0064C835 /* Release */,
			);
			defaultConfigurationIsVisible = 0;
			defaultConfigurationName = Release;
		};
		E9AC0A811DB5360F0064C835 /* Build configuration list for PBXNativeTarget "StocksApp" */ = {
			isa = XCConfigurationList;
			buildConfigurations = (
				E9AC0A821DB5360F0064C835 /* Debug */,
				E9AC0A831DB5360F0064C835 /* Release */,
			);
			defaultConfigurationIsVisible = 0;
			defaultConfigurationName = Release;
		};
		E9AC0A841DB5360F0064C835 /* Build configuration list for PBXNativeTarget "StocksAppTests" */ = {
			isa = XCConfigurationList;
			buildConfigurations = (
				E9AC0A851DB5360F0064C835 /* Debug */,
				E9AC0A861DB5360F0064C835 /* Release */,
			);
			defaultConfigurationIsVisible = 0;
			defaultConfigurationName = Release;
		};
		E9AC0A871DB5360F0064C835 /* Build configuration list for PBXNativeTarget "StocksAppUITests" */ = {
			isa = XCConfigurationList;
			buildConfigurations = (
				E9AC0A881DB5360F0064C835 /* Debug */,
				E9AC0A891DB5360F0064C835 /* Release */,
			);
			defaultConfigurationIsVisible = 0;
			defaultConfigurationName = Release;
		};
/* End XCConfigurationList section */
	};
	rootObject = E9AC0A4C1DB5360F0064C835 /* Project object */;
}
